
Microsoft Visual Studio Solution File, Format Version 12.00
# Visual Studio Version 17
VisualStudioVersion = 17.2.32630.192
MinimumVisualStudioVersion = 10.0.40219.1
Project("{9A19103F-16F7-4668-BE54-9A1E7A4F7556}") = "F10Y.L0002.Construction", "F10Y.L0002.Construction\F10Y.L0002.Construction.csproj", "{A1C2F59C-92A5-481C-9E60-1CBCF0EC9032}"
EndProject
Project("{9A19103F-16F7-4668-BE54-9A1E7A4F7556}") = "F10Y.L0002", "F10Y.L0002\F10Y.L0002.csproj", "{9BE88869-7DCB-488A-8E4C-E3C45ED506D7}"
EndProject
Project("{2150E333-8FDC-42A3-9474-1A3956D46DE8}") = "_Dependencies", "_Dependencies", "{BBEE3F41-C4E5-4FBB-9F56-D9F8B3F791BF}"
EndProject
Project("{9A19103F-16F7-4668-BE54-9A1E7A4F7556}") = "F10Y.L0000", "..\..\F10Y.L0000\source\F10Y.L0000\F10Y.L0000.csproj", "{80147BA5-B3A0-4B44-97C7-E188487C2A12}"
EndProject
Project("{9A19103F-16F7-4668-BE54-9A1E7A4F7556}") = "F10Y.L0003", "..\..\F10Y.L0003\source\F10Y.L0003\F10Y.L0003.csproj", "{69422B81-B175-4D2A-8FCA-8C3C40EB262D}"
EndProject
Project("{9A19103F-16F7-4668-BE54-9A1E7A4F7556}") = "F10Y.T0000", "..\..\F10Y.T0000\source\F10Y.T0000\F10Y.T0000.csproj", "{27B8BD1D-7E38-42B4-BDD3-CF802BEE5663}"
EndProject
Project("{9A19103F-16F7-4668-BE54-9A1E7A4F7556}") = "F10Y.T0001", "..\..\F10Y.T0001\source\F10Y.T0001\F10Y.T0001.csproj", "{3BF4C489-959B-4870-9499-C5EE9C292351}"
EndProject
Project("{9A19103F-16F7-4668-BE54-9A1E7A4F7556}") = "F10Y.T0002", "..\..\F10Y.T0002\source\F10Y.T0002\F10Y.T0002.csproj", "{6C25E917-9E78-46FB-955E-29B11EEDBB10}"
EndProject
Project("{9A19103F-16F7-4668-BE54-9A1E7A4F7556}") = "F10Y.T0003", "..\..\F10Y.T0003\source\F10Y.T0003\F10Y.T0003.csproj", "{7A2CCA05-0178-4F83-8BFC-00ECC8F38265}"
EndProject
Project("{9A19103F-16F7-4668-BE54-9A1E7A4F7556}") = "F10Y.T0004", "..\..\F10Y.T0004\source\F10Y.T0004\F10Y.T0004.csproj", "{021F68D9-002D-4331-B9DE-7F10907662C1}"
EndProject
Project("{9A19103F-16F7-4668-BE54-9A1E7A4F7556}") = "F10Y.Y0000", "..\..\F10Y.Y0000\source\F10Y.Y0000\F10Y.Y0000.csproj", "{551D014A-BB4B-4785-AF98-4D37936AEF2B}"
EndProject
Global
	GlobalSection(NestedProjects) = preSolution
		{80147BA5-B3A0-4B44-97C7-E188487C2A12} = {BBEE3F41-C4E5-4FBB-9F56-D9F8B3F791BF}
		{69422B81-B175-4D2A-8FCA-8C3C40EB262D} = {BBEE3F41-C4E5-4FBB-9F56-D9F8B3F791BF}
		{27B8BD1D-7E38-42B4-BDD3-CF802BEE5663} = {BBEE3F41-C4E5-4FBB-9F56-D9F8B3F791BF}
		{3BF4C489-959B-4870-9499-C5EE9C292351} = {BBEE3F41-C4E5-4FBB-9F56-D9F8B3F791BF}
		{6C25E917-9E78-46FB-955E-29B11EEDBB10} = {BBEE3F41-C4E5-4FBB-9F56-D9F8B3F791BF}
		{7A2CCA05-0178-4F83-8BFC-00ECC8F38265} = {BBEE3F41-C4E5-4FBB-9F56-D9F8B3F791BF}
		{021F68D9-002D-4331-B9DE-7F10907662C1} = {BBEE3F41-C4E5-4FBB-9F56-D9F8B3F791BF}
		{551D014A-BB4B-4785-AF98-4D37936AEF2B} = {BBEE3F41-C4E5-4FBB-9F56-D9F8B3F791BF}
	EndGlobalSection
	GlobalSection(SolutionConfigurationPlatforms) = preSolution
		Debug|Any CPU = Debug|Any CPU
		Release|Any CPU = Release|Any CPU
	EndGlobalSection
	GlobalSection(ProjectConfigurationPlatforms) = postSolution
		{A1C2F59C-92A5-481C-9E60-1CBCF0EC9032}.Debug|Any CPU.ActiveCfg = Debug|Any CPU
		{A1C2F59C-92A5-481C-9E60-1CBCF0EC9032}.Debug|Any CPU.Build.0 = Debug|Any CPU
		{A1C2F59C-92A5-481C-9E60-1CBCF0EC9032}.Release|Any CPU.ActiveCfg = Release|Any CPU
		{A1C2F59C-92A5-481C-9E60-1CBCF0EC9032}.Release|Any CPU.Build.0 = Release|Any CPU
		{9BE88869-7DCB-488A-8E4C-E3C45ED506D7}.Debug|Any CPU.ActiveCfg = Debug|Any CPU
		{9BE88869-7DCB-488A-8E4C-E3C45ED506D7}.Debug|Any CPU.Build.0 = Debug|Any CPU
		{9BE88869-7DCB-488A-8E4C-E3C45ED506D7}.Release|Any CPU.ActiveCfg = Release|Any CPU
		{9BE88869-7DCB-488A-8E4C-E3C45ED506D7}.Release|Any CPU.Build.0 = Release|Any CPU
		{80147BA5-B3A0-4B44-97C7-E188487C2A12}.Debug|Any CPU.ActiveCfg = Debug|Any CPU
		{80147BA5-B3A0-4B44-97C7-E188487C2A12}.Debug|Any CPU.Build.0 = Debug|Any CPU
		{80147BA5-B3A0-4B44-97C7-E188487C2A12}.Release|Any CPU.ActiveCfg = Release|Any CPU
		{80147BA5-B3A0-4B44-97C7-E188487C2A12}.Release|Any CPU.Build.0 = Release|Any CPU
		{69422B81-B175-4D2A-8FCA-8C3C40EB262D}.Debug|Any CPU.ActiveCfg = Debug|Any CPU
		{69422B81-B175-4D2A-8FCA-8C3C40EB262D}.Debug|Any CPU.Build.0 = Debug|Any CPU
		{69422B81-B175-4D2A-8FCA-8C3C40EB262D}.Release|Any CPU.ActiveCfg = Release|Any CPU
		{69422B81-B175-4D2A-8FCA-8C3C40EB262D}.Release|Any CPU.Build.0 = Release|Any CPU
		{27B8BD1D-7E38-42B4-BDD3-CF802BEE5663}.Debug|Any CPU.ActiveCfg = Debug|Any CPU
		{27B8BD1D-7E38-42B4-BDD3-CF802BEE5663}.Debug|Any CPU.Build.0 = Debug|Any CPU
		{27B8BD1D-7E38-42B4-BDD3-CF802BEE5663}.Release|Any CPU.ActiveCfg = Release|Any CPU
		{27B8BD1D-7E38-42B4-BDD3-CF802BEE5663}.Release|Any CPU.Build.0 = Release|Any CPU
		{3BF4C489-959B-4870-9499-C5EE9C292351}.Debug|Any CPU.ActiveCfg = Debug|Any CPU
		{3BF4C489-959B-4870-9499-C5EE9C292351}.Debug|Any CPU.Build.0 = Debug|Any CPU
		{3BF4C489-959B-4870-9499-C5EE9C292351}.Release|Any CPU.ActiveCfg = Release|Any CPU
		{3BF4C489-959B-4870-9499-C5EE9C292351}.Release|Any CPU.Build.0 = Release|Any CPU
		{6C25E917-9E78-46FB-955E-29B11EEDBB10}.Debug|Any CPU.ActiveCfg = Debug|Any CPU
		{6C25E917-9E78-46FB-955E-29B11EEDBB10}.Debug|Any CPU.Build.0 = Debug|Any CPU
		{6C25E917-9E78-46FB-955E-29B11EEDBB10}.Release|Any CPU.ActiveCfg = Release|Any CPU
		{6C25E917-9E78-46FB-955E-29B11EEDBB10}.Release|Any CPU.Build.0 = Release|Any CPU
		{7A2CCA05-0178-4F83-8BFC-00ECC8F38265}.Debug|Any CPU.ActiveCfg = Debug|Any CPU
		{7A2CCA05-0178-4F83-8BFC-00ECC8F38265}.Debug|Any CPU.Build.0 = Debug|Any CPU
		{7A2CCA05-0178-4F83-8BFC-00ECC8F38265}.Release|Any CPU.ActiveCfg = Release|Any CPU
		{7A2CCA05-0178-4F83-8BFC-00ECC8F38265}.Release|Any CPU.Build.0 = Release|Any CPU
		{021F68D9-002D-4331-B9DE-7F10907662C1}.Debug|Any CPU.ActiveCfg = Debug|Any CPU
		{021F68D9-002D-4331-B9DE-7F10907662C1}.Debug|Any CPU.Build.0 = Debug|Any CPU
		{021F68D9-002D-4331-B9DE-7F10907662C1}.Release|Any CPU.ActiveCfg = Release|Any CPU
		{021F68D9-002D-4331-B9DE-7F10907662C1}.Release|Any CPU.Build.0 = Release|Any CPU
		{551D014A-BB4B-4785-AF98-4D37936AEF2B}.Debug|Any CPU.ActiveCfg = Debug|Any CPU
		{551D014A-BB4B-4785-AF98-4D37936AEF2B}.Debug|Any CPU.Build.0 = Debug|Any CPU
		{551D014A-BB4B-4785-AF98-4D37936AEF2B}.Release|Any CPU.ActiveCfg = Release|Any CPU
		{551D014A-BB4B-4785-AF98-4D37936AEF2B}.Release|Any CPU.Build.0 = Release|Any CPU
	EndGlobalSection
	GlobalSection(SolutionProperties) = preSolution
		HideSolutionNode = FALSE
	EndGlobalSection
	GlobalSection(ExtensibilityGlobals) = postSolution
		SolutionGuid = {496C4159-9C07-47E9-B85D-67EBB8F35DDE}
	EndGlobalSection
EndGlobal
