
Microsoft Visual Studio Solution File, Format Version 12.00
# Visual Studio Version 17
VisualStudioVersion = 17.2.32630.192
MinimumVisualStudioVersion = 10.0.40219.1
Project("{9A19103F-16F7-4668-BE54-9A1E7A4F7556}") = "F10Y.L0002", "F10Y.L0002\F10Y.L0002.csproj", "{69D29BF0-988E-4171-BBE0-257DBD784734}"
EndProject
Project("{2150E333-8FDC-42A3-9474-1A3956D46DE8}") = "_Dependencies", "_Dependencies", "{332A22AA-C6E2-4A0E-8BC7-E124EE0BC7EA}"
EndProject
Project("{9A19103F-16F7-4668-BE54-9A1E7A4F7556}") = "F10Y.L0000", "..\..\F10Y.L0000\source\F10Y.L0000\F10Y.L0000.csproj", "{85A534B0-ADE7-4378-934B-F131FD41A37D}"
EndProject
Project("{9A19103F-16F7-4668-BE54-9A1E7A4F7556}") = "F10Y.L0003", "..\..\F10Y.L0003\source\F10Y.L0003\F10Y.L0003.csproj", "{4FBC1F22-5EEA-48F8-BB43-9306D61C7F34}"
EndProject
Project("{9A19103F-16F7-4668-BE54-9A1E7A4F7556}") = "F10Y.T0000", "..\..\F10Y.T0000\source\F10Y.T0000\F10Y.T0000.csproj", "{A4A1B6C7-E1DB-4ED0-B780-B6CE9AEBC251}"
EndProject
Project("{9A19103F-16F7-4668-BE54-9A1E7A4F7556}") = "F10Y.T0001", "..\..\F10Y.T0001\source\F10Y.T0001\F10Y.T0001.csproj", "{A3E66D85-2291-450A-A469-B955C431E219}"
EndProject
Project("{9A19103F-16F7-4668-BE54-9A1E7A4F7556}") = "F10Y.T0002", "..\..\F10Y.T0002\source\F10Y.T0002\F10Y.T0002.csproj", "{D04721E0-44C9-435A-9A3E-C5845ADB2E58}"
EndProject
Project("{9A19103F-16F7-4668-BE54-9A1E7A4F7556}") = "F10Y.T0003", "..\..\F10Y.T0003\source\F10Y.T0003\F10Y.T0003.csproj", "{45863942-B6A4-4CC8-922C-8CC73B0E907B}"
EndProject
Project("{9A19103F-16F7-4668-BE54-9A1E7A4F7556}") = "F10Y.T0004", "..\..\F10Y.T0004\source\F10Y.T0004\F10Y.T0004.csproj", "{7A497162-6973-4B6B-8B9C-E248C4583334}"
EndProject
Project("{9A19103F-16F7-4668-BE54-9A1E7A4F7556}") = "F10Y.Y0000", "..\..\F10Y.Y0000\source\F10Y.Y0000\F10Y.Y0000.csproj", "{3946FB1F-A614-4E00-BE2C-D8E812A61FB9}"
EndProject
Project("{9A19103F-16F7-4668-BE54-9A1E7A4F7556}") = "F10Y.L0002.F000", "F10Y.L0002.F000\F10Y.L0002.F000.csproj", "{1FB5D4CC-6A55-4932-BE16-36D01D02F909}"
EndProject
Project("{9A19103F-16F7-4668-BE54-9A1E7A4F7556}") = "F10Y.NG0001", "..\..\F10Y.NG0001\source\F10Y.NG0001\F10Y.NG0001.csproj", "{19DF5EBB-7AAF-4301-BEC8-60F9EC5AFBE2}"
EndProject
Global
	GlobalSection(NestedProjects) = preSolution
		{85A534B0-ADE7-4378-934B-F131FD41A37D} = {332A22AA-C6E2-4A0E-8BC7-E124EE0BC7EA}
		{4FBC1F22-5EEA-48F8-BB43-9306D61C7F34} = {332A22AA-C6E2-4A0E-8BC7-E124EE0BC7EA}
		{A4A1B6C7-E1DB-4ED0-B780-B6CE9AEBC251} = {332A22AA-C6E2-4A0E-8BC7-E124EE0BC7EA}
		{A3E66D85-2291-450A-A469-B955C431E219} = {332A22AA-C6E2-4A0E-8BC7-E124EE0BC7EA}
		{D04721E0-44C9-435A-9A3E-C5845ADB2E58} = {332A22AA-C6E2-4A0E-8BC7-E124EE0BC7EA}
		{45863942-B6A4-4CC8-922C-8CC73B0E907B} = {332A22AA-C6E2-4A0E-8BC7-E124EE0BC7EA}
		{7A497162-6973-4B6B-8B9C-E248C4583334} = {332A22AA-C6E2-4A0E-8BC7-E124EE0BC7EA}
		{3946FB1F-A614-4E00-BE2C-D8E812A61FB9} = {332A22AA-C6E2-4A0E-8BC7-E124EE0BC7EA}
		{19DF5EBB-7AAF-4301-BEC8-60F9EC5AFBE2} = {332A22AA-C6E2-4A0E-8BC7-E124EE0BC7EA}
	EndGlobalSection
	GlobalSection(SolutionConfigurationPlatforms) = preSolution
		Debug|Any CPU = Debug|Any CPU
		Release|Any CPU = Release|Any CPU
	EndGlobalSection
	GlobalSection(ProjectConfigurationPlatforms) = postSolution
		{69D29BF0-988E-4171-BBE0-257DBD784734}.Debug|Any CPU.ActiveCfg = Debug|Any CPU
		{69D29BF0-988E-4171-BBE0-257DBD784734}.Debug|Any CPU.Build.0 = Debug|Any CPU
		{69D29BF0-988E-4171-BBE0-257DBD784734}.Release|Any CPU.ActiveCfg = Release|Any CPU
		{69D29BF0-988E-4171-BBE0-257DBD784734}.Release|Any CPU.Build.0 = Release|Any CPU
		{85A534B0-ADE7-4378-934B-F131FD41A37D}.Debug|Any CPU.ActiveCfg = Debug|Any CPU
		{85A534B0-ADE7-4378-934B-F131FD41A37D}.Debug|Any CPU.Build.0 = Debug|Any CPU
		{85A534B0-ADE7-4378-934B-F131FD41A37D}.Release|Any CPU.ActiveCfg = Release|Any CPU
		{85A534B0-ADE7-4378-934B-F131FD41A37D}.Release|Any CPU.Build.0 = Release|Any CPU
		{4FBC1F22-5EEA-48F8-BB43-9306D61C7F34}.Debug|Any CPU.ActiveCfg = Debug|Any CPU
		{4FBC1F22-5EEA-48F8-BB43-9306D61C7F34}.Debug|Any CPU.Build.0 = Debug|Any CPU
		{4FBC1F22-5EEA-48F8-BB43-9306D61C7F34}.Release|Any CPU.ActiveCfg = Release|Any CPU
		{4FBC1F22-5EEA-48F8-BB43-9306D61C7F34}.Release|Any CPU.Build.0 = Release|Any CPU
		{A4A1B6C7-E1DB-4ED0-B780-B6CE9AEBC251}.Debug|Any CPU.ActiveCfg = Debug|Any CPU
		{A4A1B6C7-E1DB-4ED0-B780-B6CE9AEBC251}.Debug|Any CPU.Build.0 = Debug|Any CPU
		{A4A1B6C7-E1DB-4ED0-B780-B6CE9AEBC251}.Release|Any CPU.ActiveCfg = Release|Any CPU
		{A4A1B6C7-E1DB-4ED0-B780-B6CE9AEBC251}.Release|Any CPU.Build.0 = Release|Any CPU
		{A3E66D85-2291-450A-A469-B955C431E219}.Debug|Any CPU.ActiveCfg = Debug|Any CPU
		{A3E66D85-2291-450A-A469-B955C431E219}.Debug|Any CPU.Build.0 = Debug|Any CPU
		{A3E66D85-2291-450A-A469-B955C431E219}.Release|Any CPU.ActiveCfg = Release|Any CPU
		{A3E66D85-2291-450A-A469-B955C431E219}.Release|Any CPU.Build.0 = Release|Any CPU
		{D04721E0-44C9-435A-9A3E-C5845ADB2E58}.Debug|Any CPU.ActiveCfg = Debug|Any CPU
		{D04721E0-44C9-435A-9A3E-C5845ADB2E58}.Debug|Any CPU.Build.0 = Debug|Any CPU
		{D04721E0-44C9-435A-9A3E-C5845ADB2E58}.Release|Any CPU.ActiveCfg = Release|Any CPU
		{D04721E0-44C9-435A-9A3E-C5845ADB2E58}.Release|Any CPU.Build.0 = Release|Any CPU
		{45863942-B6A4-4CC8-922C-8CC73B0E907B}.Debug|Any CPU.ActiveCfg = Debug|Any CPU
		{45863942-B6A4-4CC8-922C-8CC73B0E907B}.Debug|Any CPU.Build.0 = Debug|Any CPU
		{45863942-B6A4-4CC8-922C-8CC73B0E907B}.Release|Any CPU.ActiveCfg = Release|Any CPU
		{45863942-B6A4-4CC8-922C-8CC73B0E907B}.Release|Any CPU.Build.0 = Release|Any CPU
		{7A497162-6973-4B6B-8B9C-E248C4583334}.Debug|Any CPU.ActiveCfg = Debug|Any CPU
		{7A497162-6973-4B6B-8B9C-E248C4583334}.Debug|Any CPU.Build.0 = Debug|Any CPU
		{7A497162-6973-4B6B-8B9C-E248C4583334}.Release|Any CPU.ActiveCfg = Release|Any CPU
		{7A497162-6973-4B6B-8B9C-E248C4583334}.Release|Any CPU.Build.0 = Release|Any CPU
		{3946FB1F-A614-4E00-BE2C-D8E812A61FB9}.Debug|Any CPU.ActiveCfg = Debug|Any CPU
		{3946FB1F-A614-4E00-BE2C-D8E812A61FB9}.Debug|Any CPU.Build.0 = Debug|Any CPU
		{3946FB1F-A614-4E00-BE2C-D8E812A61FB9}.Release|Any CPU.ActiveCfg = Release|Any CPU
		{3946FB1F-A614-4E00-BE2C-D8E812A61FB9}.Release|Any CPU.Build.0 = Release|Any CPU
		{1FB5D4CC-6A55-4932-BE16-36D01D02F909}.Debug|Any CPU.ActiveCfg = Debug|Any CPU
		{1FB5D4CC-6A55-4932-BE16-36D01D02F909}.Debug|Any CPU.Build.0 = Debug|Any CPU
		{1FB5D4CC-6A55-4932-BE16-36D01D02F909}.Release|Any CPU.ActiveCfg = Release|Any CPU
		{1FB5D4CC-6A55-4932-BE16-36D01D02F909}.Release|Any CPU.Build.0 = Release|Any CPU
		{19DF5EBB-7AAF-4301-BEC8-60F9EC5AFBE2}.Debug|Any CPU.ActiveCfg = Debug|Any CPU
		{19DF5EBB-7AAF-4301-BEC8-60F9EC5AFBE2}.Debug|Any CPU.Build.0 = Debug|Any CPU
		{19DF5EBB-7AAF-4301-BEC8-60F9EC5AFBE2}.Release|Any CPU.ActiveCfg = Release|Any CPU
		{19DF5EBB-7AAF-4301-BEC8-60F9EC5AFBE2}.Release|Any CPU.Build.0 = Release|Any CPU
	EndGlobalSection
	GlobalSection(SolutionProperties) = preSolution
		HideSolutionNode = FALSE
	EndGlobalSection
	GlobalSection(ExtensibilityGlobals) = postSolution
		SolutionGuid = {DBEE0D96-4AD7-4D16-B799-27354355094B}
	EndGlobalSection
EndGlobal
